
Microsoft Visual Studio Solution File, Format Version 12.00
# Visual Studio Version 16
VisualStudioVersion = 16.0.31624.102
MinimumVisualStudioVersion = 10.0.40219.1
Project("{FAE04EC0-301F-11D3-BF4B-00C04F79EFBC}") = "kursovaya_pasoib", "kursovaya_pasoib.csproj", "{AB283544-19C1-4C57-A937-DAFB50626AE1}"
EndProject
Global
	GlobalSection(SolutionConfigurationPlatforms) = preSolution
		Debug|Any CPU = Debug|Any CPU
		Release|Any CPU = Release|Any CPU
	EndGlobalSection
	GlobalSection(ProjectConfigurationPlatforms) = postSolution
		{AB283544-19C1-4C57-A937-DAFB50626AE1}.Debug|Any CPU.ActiveCfg = Debug|Any CPU
		{AB283544-19C1-4C57-A937-DAFB50626AE1}.Debug|Any CPU.Build.0 = Debug|Any CPU
		{AB283544-19C1-4C57-A937-DAFB50626AE1}.Release|Any CPU.ActiveCfg = Release|Any CPU
		{AB283544-19C1-4C57-A937-DAFB50626AE1}.Release|Any CPU.Build.0 = Release|Any CPU
	EndGlobalSection
	GlobalSection(SolutionProperties) = preSolution
		HideSolutionNode = FALSE
	EndGlobalSection
	GlobalSection(ExtensibilityGlobals) = postSolution
		SolutionGuid = {6A3B5B7E-A2CF-4202-B21F-871E31CD398C}
	EndGlobalSection
EndGlobal
